
Microsoft Visual Studio Solution File, Format Version 12.00
# Visual Studio 15
VisualStudioVersion = 15.0.28307.902
MinimumVisualStudioVersion = 10.0.40219.1
Project("{FAE04EC0-301F-11D3-BF4B-00C04F79EFBC}") = "MusicLibrary.Android", "MusicLibrary\MusicLibrary.Android\MusicLibrary.Android.csproj", "{24CE3C36-16B9-426D-AA0C-5961ECF8D88C}"
EndProject
Project("{FAE04EC0-301F-11D3-BF4B-00C04F79EFBC}") = "MusicLibrary.iOS", "MusicLibrary\MusicLibrary.iOS\MusicLibrary.iOS.csproj", "{AFAC80D0-827C-4886-80B4-BF5C1650863B}"
EndProject
Project("{FAE04EC0-301F-11D3-BF4B-00C04F79EFBC}") = "MusicLibrary.UWP", "MusicLibrary\MusicLibrary.UWP\MusicLibrary.UWP.csproj", "{3BBF3FE9-71DF-4A8E-A980-518459C3CEBA}"
EndProject
Project("{FAE04EC0-301F-11D3-BF4B-00C04F79EFBC}") = "MusicLibrary.MobileAppService", "MusicLibrary\MusicLibrary.MobileAppService\MusicLibrary.MobileAppService.csproj", "{2E67A3A0-E813-4F55-879A-8B01056243D9}"
EndProject
Project("{FAE04EC0-301F-11D3-BF4B-00C04F79EFBC}") = "MusicLibrary", "MusicLibrary\MusicLibrary\MusicLibrary.csproj", "{C8592B80-DD05-4363-B47A-E22BC2357871}"
EndProject
Global
	GlobalSection(SolutionConfigurationPlatforms) = preSolution
		Debug|Any CPU = Debug|Any CPU
		Debug|ARM = Debug|ARM
		Debug|iPhone = Debug|iPhone
		Debug|iPhoneSimulator = Debug|iPhoneSimulator
		Debug|x64 = Debug|x64
		Debug|x86 = Debug|x86
		Release|Any CPU = Release|Any CPU
		Release|ARM = Release|ARM
		Release|iPhone = Release|iPhone
		Release|iPhoneSimulator = Release|iPhoneSimulator
		Release|x64 = Release|x64
		Release|x86 = Release|x86
	EndGlobalSection
	GlobalSection(ProjectConfigurationPlatforms) = postSolution
		{24CE3C36-16B9-426D-AA0C-5961ECF8D88C}.Debug|Any CPU.ActiveCfg = Debug|Any CPU
		{24CE3C36-16B9-426D-AA0C-5961ECF8D88C}.Debug|Any CPU.Build.0 = Debug|Any CPU
		{24CE3C36-16B9-426D-AA0C-5961ECF8D88C}.Debug|Any CPU.Deploy.0 = Debug|Any CPU
		{24CE3C36-16B9-426D-AA0C-5961ECF8D88C}.Debug|ARM.ActiveCfg = Debug|Any CPU
		{24CE3C36-16B9-426D-AA0C-5961ECF8D88C}.Debug|ARM.Build.0 = Debug|Any CPU
		{24CE3C36-16B9-426D-AA0C-5961ECF8D88C}.Debug|ARM.Deploy.0 = Debug|Any CPU
		{24CE3C36-16B9-426D-AA0C-5961ECF8D88C}.Debug|iPhone.ActiveCfg = Debug|Any CPU
		{24CE3C36-16B9-426D-AA0C-5961ECF8D88C}.Debug|iPhone.Build.0 = Debug|Any CPU
		{24CE3C36-16B9-426D-AA0C-5961ECF8D88C}.Debug|iPhone.Deploy.0 = Debug|Any CPU
		{24CE3C36-16B9-426D-AA0C-5961ECF8D88C}.Debug|iPhoneSimulator.ActiveCfg = Debug|Any CPU
		{24CE3C36-16B9-426D-AA0C-5961ECF8D88C}.Debug|iPhoneSimulator.Build.0 = Debug|Any CPU
		{24CE3C36-16B9-426D-AA0C-5961ECF8D88C}.Debug|iPhoneSimulator.Deploy.0 = Debug|Any CPU
		{24CE3C36-16B9-426D-AA0C-5961ECF8D88C}.Debug|x64.ActiveCfg = Debug|Any CPU
		{24CE3C36-16B9-426D-AA0C-5961ECF8D88C}.Debug|x64.Build.0 = Debug|Any CPU
		{24CE3C36-16B9-426D-AA0C-5961ECF8D88C}.Debug|x64.Deploy.0 = Debug|Any CPU
		{24CE3C36-16B9-426D-AA0C-5961ECF8D88C}.Debug|x86.ActiveCfg = Debug|Any CPU
		{24CE3C36-16B9-426D-AA0C-5961ECF8D88C}.Debug|x86.Build.0 = Debug|Any CPU
		{24CE3C36-16B9-426D-AA0C-5961ECF8D88C}.Debug|x86.Deploy.0 = Debug|Any CPU
		{24CE3C36-16B9-426D-AA0C-5961ECF8D88C}.Release|Any CPU.ActiveCfg = Release|Any CPU
		{24CE3C36-16B9-426D-AA0C-5961ECF8D88C}.Release|Any CPU.Build.0 = Release|Any CPU
		{24CE3C36-16B9-426D-AA0C-5961ECF8D88C}.Release|Any CPU.Deploy.0 = Release|Any CPU
		{24CE3C36-16B9-426D-AA0C-5961ECF8D88C}.Release|ARM.ActiveCfg = Release|Any CPU
		{24CE3C36-16B9-426D-AA0C-5961ECF8D88C}.Release|ARM.Build.0 = Release|Any CPU
		{24CE3C36-16B9-426D-AA0C-5961ECF8D88C}.Release|ARM.Deploy.0 = Release|Any CPU
		{24CE3C36-16B9-426D-AA0C-5961ECF8D88C}.Release|iPhone.ActiveCfg = Release|Any CPU
		{24CE3C36-16B9-426D-AA0C-5961ECF8D88C}.Release|iPhone.Build.0 = Release|Any CPU
		{24CE3C36-16B9-426D-AA0C-5961ECF8D88C}.Release|iPhone.Deploy.0 = Release|Any CPU
		{24CE3C36-16B9-426D-AA0C-5961ECF8D88C}.Release|iPhoneSimulator.ActiveCfg = Release|Any CPU
		{24CE3C36-16B9-426D-AA0C-5961ECF8D88C}.Release|iPhoneSimulator.Build.0 = Release|Any CPU
		{24CE3C36-16B9-426D-AA0C-5961ECF8D88C}.Release|iPhoneSimulator.Deploy.0 = Release|Any CPU
		{24CE3C36-16B9-426D-AA0C-5961ECF8D88C}.Release|x64.ActiveCfg = Release|Any CPU
		{24CE3C36-16B9-426D-AA0C-5961ECF8D88C}.Release|x64.Build.0 = Release|Any CPU
		{24CE3C36-16B9-426D-AA0C-5961ECF8D88C}.Release|x64.Deploy.0 = Release|Any CPU
		{24CE3C36-16B9-426D-AA0C-5961ECF8D88C}.Release|x86.ActiveCfg = Release|Any CPU
		{24CE3C36-16B9-426D-AA0C-5961ECF8D88C}.Release|x86.Build.0 = Release|Any CPU
		{24CE3C36-16B9-426D-AA0C-5961ECF8D88C}.Release|x86.Deploy.0 = Release|Any CPU
		{AFAC80D0-827C-4886-80B4-BF5C1650863B}.Debug|Any CPU.ActiveCfg = Debug|iPhoneSimulator
		{AFAC80D0-827C-4886-80B4-BF5C1650863B}.Debug|Any CPU.Build.0 = Debug|iPhoneSimulator
		{AFAC80D0-827C-4886-80B4-BF5C1650863B}.Debug|Any CPU.Deploy.0 = Debug|iPhoneSimulator
		{AFAC80D0-827C-4886-80B4-BF5C1650863B}.Debug|ARM.ActiveCfg = Debug|iPhone
		{AFAC80D0-827C-4886-80B4-BF5C1650863B}.Debug|ARM.Build.0 = Debug|iPhone
		{AFAC80D0-827C-4886-80B4-BF5C1650863B}.Debug|ARM.Deploy.0 = Debug|iPhone
		{AFAC80D0-827C-4886-80B4-BF5C1650863B}.Debug|iPhone.ActiveCfg = Debug|iPhone
		{AFAC80D0-827C-4886-80B4-BF5C1650863B}.Debug|iPhone.Build.0 = Debug|iPhone
		{AFAC80D0-827C-4886-80B4-BF5C1650863B}.Debug|iPhone.Deploy.0 = Debug|iPhone
		{AFAC80D0-827C-4886-80B4-BF5C1650863B}.Debug|iPhoneSimulator.ActiveCfg = Debug|iPhoneSimulator
		{AFAC80D0-827C-4886-80B4-BF5C1650863B}.Debug|iPhoneSimulator.Build.0 = Debug|iPhoneSimulator
		{AFAC80D0-827C-4886-80B4-BF5C1650863B}.Debug|iPhoneSimulator.Deploy.0 = Debug|iPhoneSimulator
		{AFAC80D0-827C-4886-80B4-BF5C1650863B}.Debug|x64.ActiveCfg = Debug|iPhone
		{AFAC80D0-827C-4886-80B4-BF5C1650863B}.Debug|x64.Build.0 = Debug|iPhone
		{AFAC80D0-827C-4886-80B4-BF5C1650863B}.Debug|x64.Deploy.0 = Debug|iPhone
		{AFAC80D0-827C-4886-80B4-BF5C1650863B}.Debug|x86.ActiveCfg = Debug|iPhone
		{AFAC80D0-827C-4886-80B4-BF5C1650863B}.Debug|x86.Build.0 = Debug|iPhone
		{AFAC80D0-827C-4886-80B4-BF5C1650863B}.Debug|x86.Deploy.0 = Debug|iPhone
		{AFAC80D0-827C-4886-80B4-BF5C1650863B}.Release|Any CPU.ActiveCfg = Release|iPhone
		{AFAC80D0-827C-4886-80B4-BF5C1650863B}.Release|Any CPU.Build.0 = Release|iPhone
		{AFAC80D0-827C-4886-80B4-BF5C1650863B}.Release|Any CPU.Deploy.0 = Release|iPhone
		{AFAC80D0-827C-4886-80B4-BF5C1650863B}.Release|ARM.ActiveCfg = Release|iPhone
		{AFAC80D0-827C-4886-80B4-BF5C1650863B}.Release|ARM.Build.0 = Release|iPhone
		{AFAC80D0-827C-4886-80B4-BF5C1650863B}.Release|ARM.Deploy.0 = Release|iPhone
		{AFAC80D0-827C-4886-80B4-BF5C1650863B}.Release|iPhone.ActiveCfg = Release|iPhone
		{AFAC80D0-827C-4886-80B4-BF5C1650863B}.Release|iPhone.Build.0 = Release|iPhone
		{AFAC80D0-827C-4886-80B4-BF5C1650863B}.Release|iPhone.Deploy.0 = Release|iPhone
		{AFAC80D0-827C-4886-80B4-BF5C1650863B}.Release|iPhoneSimulator.ActiveCfg = Release|iPhoneSimulator
		{AFAC80D0-827C-4886-80B4-BF5C1650863B}.Release|iPhoneSimulator.Build.0 = Release|iPhoneSimulator
		{AFAC80D0-827C-4886-80B4-BF5C1650863B}.Release|iPhoneSimulator.Deploy.0 = Release|iPhoneSimulator
		{AFAC80D0-827C-4886-80B4-BF5C1650863B}.Release|x64.ActiveCfg = Release|iPhone
		{AFAC80D0-827C-4886-80B4-BF5C1650863B}.Release|x64.Build.0 = Release|iPhone
		{AFAC80D0-827C-4886-80B4-BF5C1650863B}.Release|x64.Deploy.0 = Release|iPhone
		{AFAC80D0-827C-4886-80B4-BF5C1650863B}.Release|x86.ActiveCfg = Release|iPhone
		{AFAC80D0-827C-4886-80B4-BF5C1650863B}.Release|x86.Build.0 = Release|iPhone
		{AFAC80D0-827C-4886-80B4-BF5C1650863B}.Release|x86.Deploy.0 = Release|iPhone
		{3BBF3FE9-71DF-4A8E-A980-518459C3CEBA}.Debug|Any CPU.ActiveCfg = Debug|x86
		{3BBF3FE9-71DF-4A8E-A980-518459C3CEBA}.Debug|Any CPU.Build.0 = Debug|x86
		{3BBF3FE9-71DF-4A8E-A980-518459C3CEBA}.Debug|Any CPU.Deploy.0 = Debug|x86
		{3BBF3FE9-71DF-4A8E-A980-518459C3CEBA}.Debug|ARM.ActiveCfg = Debug|ARM
		{3BBF3FE9-71DF-4A8E-A980-518459C3CEBA}.Debug|ARM.Build.0 = Debug|ARM
		{3BBF3FE9-71DF-4A8E-A980-518459C3CEBA}.Debug|ARM.Deploy.0 = Debug|ARM
		{3BBF3FE9-71DF-4A8E-A980-518459C3CEBA}.Debug|iPhone.ActiveCfg = Debug|x86
		{3BBF3FE9-71DF-4A8E-A980-518459C3CEBA}.Debug|iPhone.Build.0 = Debug|x86
		{3BBF3FE9-71DF-4A8E-A980-518459C3CEBA}.Debug|iPhone.Deploy.0 = Debug|x86
		{3BBF3FE9-71DF-4A8E-A980-518459C3CEBA}.Debug|iPhoneSimulator.ActiveCfg = Debug|x86
		{3BBF3FE9-71DF-4A8E-A980-518459C3CEBA}.Debug|iPhoneSimulator.Build.0 = Debug|x86
		{3BBF3FE9-71DF-4A8E-A980-518459C3CEBA}.Debug|iPhoneSimulator.Deploy.0 = Debug|x86
		{3BBF3FE9-71DF-4A8E-A980-518459C3CEBA}.Debug|x64.ActiveCfg = Debug|x64
		{3BBF3FE9-71DF-4A8E-A980-518459C3CEBA}.Debug|x64.Build.0 = Debug|x64
		{3BBF3FE9-71DF-4A8E-A980-518459C3CEBA}.Debug|x64.Deploy.0 = Debug|x64
		{3BBF3FE9-71DF-4A8E-A980-518459C3CEBA}.Debug|x86.ActiveCfg = Debug|x86
		{3BBF3FE9-71DF-4A8E-A980-518459C3CEBA}.Debug|x86.Build.0 = Debug|x86
		{3BBF3FE9-71DF-4A8E-A980-518459C3CEBA}.Debug|x86.Deploy.0 = Debug|x86
		{3BBF3FE9-71DF-4A8E-A980-518459C3CEBA}.Release|Any CPU.ActiveCfg = Release|x86
		{3BBF3FE9-71DF-4A8E-A980-518459C3CEBA}.Release|Any CPU.Build.0 = Release|x86
		{3BBF3FE9-71DF-4A8E-A980-518459C3CEBA}.Release|Any CPU.Deploy.0 = Release|x86
		{3BBF3FE9-71DF-4A8E-A980-518459C3CEBA}.Release|ARM.ActiveCfg = Release|ARM
		{3BBF3FE9-71DF-4A8E-A980-518459C3CEBA}.Release|ARM.Build.0 = Release|ARM
		{3BBF3FE9-71DF-4A8E-A980-518459C3CEBA}.Release|ARM.Deploy.0 = Release|ARM
		{3BBF3FE9-71DF-4A8E-A980-518459C3CEBA}.Release|iPhone.ActiveCfg = Release|x86
		{3BBF3FE9-71DF-4A8E-A980-518459C3CEBA}.Release|iPhone.Build.0 = Release|x86
		{3BBF3FE9-71DF-4A8E-A980-518459C3CEBA}.Release|iPhone.Deploy.0 = Release|x86
		{3BBF3FE9-71DF-4A8E-A980-518459C3CEBA}.Release|iPhoneSimulator.ActiveCfg = Release|x86
		{3BBF3FE9-71DF-4A8E-A980-518459C3CEBA}.Release|iPhoneSimulator.Build.0 = Release|x86
		{3BBF3FE9-71DF-4A8E-A980-518459C3CEBA}.Release|iPhoneSimulator.Deploy.0 = Release|x86
		{3BBF3FE9-71DF-4A8E-A980-518459C3CEBA}.Release|x64.ActiveCfg = Release|x64
		{3BBF3FE9-71DF-4A8E-A980-518459C3CEBA}.Release|x64.Build.0 = Release|x64
		{3BBF3FE9-71DF-4A8E-A980-518459C3CEBA}.Release|x64.Deploy.0 = Release|x64
		{3BBF3FE9-71DF-4A8E-A980-518459C3CEBA}.Release|x86.ActiveCfg = Release|x86
		{3BBF3FE9-71DF-4A8E-A980-518459C3CEBA}.Release|x86.Build.0 = Release|x86
		{3BBF3FE9-71DF-4A8E-A980-518459C3CEBA}.Release|x86.Deploy.0 = Release|x86
		{2E67A3A0-E813-4F55-879A-8B01056243D9}.Debug|Any CPU.ActiveCfg = Debug|Any CPU
		{2E67A3A0-E813-4F55-879A-8B01056243D9}.Debug|Any CPU.Build.0 = Debug|Any CPU
		{2E67A3A0-E813-4F55-879A-8B01056243D9}.Debug|Any CPU.Deploy.0 = Debug|Any CPU
		{2E67A3A0-E813-4F55-879A-8B01056243D9}.Debug|ARM.ActiveCfg = Debug|Any CPU
		{2E67A3A0-E813-4F55-879A-8B01056243D9}.Debug|ARM.Build.0 = Debug|Any CPU
		{2E67A3A0-E813-4F55-879A-8B01056243D9}.Debug|ARM.Deploy.0 = Debug|Any CPU
		{2E67A3A0-E813-4F55-879A-8B01056243D9}.Debug|iPhone.ActiveCfg = Debug|Any CPU
		{2E67A3A0-E813-4F55-879A-8B01056243D9}.Debug|iPhone.Build.0 = Debug|Any CPU
		{2E67A3A0-E813-4F55-879A-8B01056243D9}.Debug|iPhone.Deploy.0 = Debug|Any CPU
		{2E67A3A0-E813-4F55-879A-8B01056243D9}.Debug|iPhoneSimulator.ActiveCfg = Debug|Any CPU
		{2E67A3A0-E813-4F55-879A-8B01056243D9}.Debug|iPhoneSimulator.Build.0 = Debug|Any CPU
		{2E67A3A0-E813-4F55-879A-8B01056243D9}.Debug|iPhoneSimulator.Deploy.0 = Debug|Any CPU
		{2E67A3A0-E813-4F55-879A-8B01056243D9}.Debug|x64.ActiveCfg = Debug|Any CPU
		{2E67A3A0-E813-4F55-879A-8B01056243D9}.Debug|x64.Build.0 = Debug|Any CPU
		{2E67A3A0-E813-4F55-879A-8B01056243D9}.Debug|x64.Deploy.0 = Debug|Any CPU
		{2E67A3A0-E813-4F55-879A-8B01056243D9}.Debug|x86.ActiveCfg = Debug|Any CPU
		{2E67A3A0-E813-4F55-879A-8B01056243D9}.Debug|x86.Build.0 = Debug|Any CPU
		{2E67A3A0-E813-4F55-879A-8B01056243D9}.Debug|x86.Deploy.0 = Debug|Any CPU
		{2E67A3A0-E813-4F55-879A-8B01056243D9}.Release|Any CPU.ActiveCfg = Release|Any CPU
		{2E67A3A0-E813-4F55-879A-8B01056243D9}.Release|Any CPU.Build.0 = Release|Any CPU
		{2E67A3A0-E813-4F55-879A-8B01056243D9}.Release|Any CPU.Deploy.0 = Release|Any CPU
		{2E67A3A0-E813-4F55-879A-8B01056243D9}.Release|ARM.ActiveCfg = Release|Any CPU
		{2E67A3A0-E813-4F55-879A-8B01056243D9}.Release|ARM.Build.0 = Release|Any CPU
		{2E67A3A0-E813-4F55-879A-8B01056243D9}.Release|ARM.Deploy.0 = Release|Any CPU
		{2E67A3A0-E813-4F55-879A-8B01056243D9}.Release|iPhone.ActiveCfg = Release|Any CPU
		{2E67A3A0-E813-4F55-879A-8B01056243D9}.Release|iPhone.Build.0 = Release|Any CPU
		{2E67A3A0-E813-4F55-879A-8B01056243D9}.Release|iPhone.Deploy.0 = Release|Any CPU
		{2E67A3A0-E813-4F55-879A-8B01056243D9}.Release|iPhoneSimulator.ActiveCfg = Release|Any CPU
		{2E67A3A0-E813-4F55-879A-8B01056243D9}.Release|iPhoneSimulator.Build.0 = Release|Any CPU
		{2E67A3A0-E813-4F55-879A-8B01056243D9}.Release|iPhoneSimulator.Deploy.0 = Release|Any CPU
		{2E67A3A0-E813-4F55-879A-8B01056243D9}.Release|x64.ActiveCfg = Release|Any CPU
		{2E67A3A0-E813-4F55-879A-8B01056243D9}.Release|x64.Build.0 = Release|Any CPU
		{2E67A3A0-E813-4F55-879A-8B01056243D9}.Release|x64.Deploy.0 = Release|Any CPU
		{2E67A3A0-E813-4F55-879A-8B01056243D9}.Release|x86.ActiveCfg = Release|Any CPU
		{2E67A3A0-E813-4F55-879A-8B01056243D9}.Release|x86.Build.0 = Release|Any CPU
		{2E67A3A0-E813-4F55-879A-8B01056243D9}.Release|x86.Deploy.0 = Release|Any CPU
		{C8592B80-DD05-4363-B47A-E22BC2357871}.Debug|Any CPU.ActiveCfg = Debug|Any CPU
		{C8592B80-DD05-4363-B47A-E22BC2357871}.Debug|Any CPU.Build.0 = Debug|Any CPU
		{C8592B80-DD05-4363-B47A-E22BC2357871}.Debug|Any CPU.Deploy.0 = Debug|Any CPU
		{C8592B80-DD05-4363-B47A-E22BC2357871}.Debug|ARM.ActiveCfg = Debug|Any CPU
		{C8592B80-DD05-4363-B47A-E22BC2357871}.Debug|ARM.Build.0 = Debug|Any CPU
		{C8592B80-DD05-4363-B47A-E22BC2357871}.Debug|ARM.Deploy.0 = Debug|Any CPU
		{C8592B80-DD05-4363-B47A-E22BC2357871}.Debug|iPhone.ActiveCfg = Debug|Any CPU
		{C8592B80-DD05-4363-B47A-E22BC2357871}.Debug|iPhone.Build.0 = Debug|Any CPU
		{C8592B80-DD05-4363-B47A-E22BC2357871}.Debug|iPhone.Deploy.0 = Debug|Any CPU
		{C8592B80-DD05-4363-B47A-E22BC2357871}.Debug|iPhoneSimulator.ActiveCfg = Debug|Any CPU
		{C8592B80-DD05-4363-B47A-E22BC2357871}.Debug|iPhoneSimulator.Build.0 = Debug|Any CPU
		{C8592B80-DD05-4363-B47A-E22BC2357871}.Debug|iPhoneSimulator.Deploy.0 = Debug|Any CPU
		{C8592B80-DD05-4363-B47A-E22BC2357871}.Debug|x64.ActiveCfg = Debug|Any CPU
		{C8592B80-DD05-4363-B47A-E22BC2357871}.Debug|x64.Build.0 = Debug|Any CPU
		{C8592B80-DD05-4363-B47A-E22BC2357871}.Debug|x64.Deploy.0 = Debug|Any CPU
		{C8592B80-DD05-4363-B47A-E22BC2357871}.Debug|x86.ActiveCfg = Debug|Any CPU
		{C8592B80-DD05-4363-B47A-E22BC2357871}.Debug|x86.Build.0 = Debug|Any CPU
		{C8592B80-DD05-4363-B47A-E22BC2357871}.Debug|x86.Deploy.0 = Debug|Any CPU
		{C8592B80-DD05-4363-B47A-E22BC2357871}.Release|Any CPU.ActiveCfg = Release|Any CPU
		{C8592B80-DD05-4363-B47A-E22BC2357871}.Release|Any CPU.Build.0 = Release|Any CPU
		{C8592B80-DD05-4363-B47A-E22BC2357871}.Release|Any CPU.Deploy.0 = Release|Any CPU
		{C8592B80-DD05-4363-B47A-E22BC2357871}.Release|ARM.ActiveCfg = Release|Any CPU
		{C8592B80-DD05-4363-B47A-E22BC2357871}.Release|ARM.Build.0 = Release|Any CPU
		{C8592B80-DD05-4363-B47A-E22BC2357871}.Release|ARM.Deploy.0 = Release|Any CPU
		{C8592B80-DD05-4363-B47A-E22BC2357871}.Release|iPhone.ActiveCfg = Release|Any CPU
		{C8592B80-DD05-4363-B47A-E22BC2357871}.Release|iPhone.Build.0 = Release|Any CPU
		{C8592B80-DD05-4363-B47A-E22BC2357871}.Release|iPhone.Deploy.0 = Release|Any CPU
		{C8592B80-DD05-4363-B47A-E22BC2357871}.Release|iPhoneSimulator.ActiveCfg = Release|Any CPU
		{C8592B80-DD05-4363-B47A-E22BC2357871}.Release|iPhoneSimulator.Build.0 = Release|Any CPU
		{C8592B80-DD05-4363-B47A-E22BC2357871}.Release|iPhoneSimulator.Deploy.0 = Release|Any CPU
		{C8592B80-DD05-4363-B47A-E22BC2357871}.Release|x64.ActiveCfg = Release|Any CPU
		{C8592B80-DD05-4363-B47A-E22BC2357871}.Release|x64.Build.0 = Release|Any CPU
		{C8592B80-DD05-4363-B47A-E22BC2357871}.Release|x64.Deploy.0 = Release|Any CPU
		{C8592B80-DD05-4363-B47A-E22BC2357871}.Release|x86.ActiveCfg = Release|Any CPU
		{C8592B80-DD05-4363-B47A-E22BC2357871}.Release|x86.Build.0 = Release|Any CPU
		{C8592B80-DD05-4363-B47A-E22BC2357871}.Release|x86.Deploy.0 = Release|Any CPU
	EndGlobalSection
	GlobalSection(SolutionProperties) = preSolution
		HideSolutionNode = FALSE
	EndGlobalSection
	GlobalSection(ExtensibilityGlobals) = postSolution
		SolutionGuid = {EC5A4627-5D61-4D4E-BD0E-5C6E8A116633}
	EndGlobalSection
EndGlobal
